
Microsoft Visual Studio Solution File, Format Version 12.00
# Visual Studio Version 17
VisualStudioVersion = 17.0.31903.59
MinimumVisualStudioVersion = 10.0.40219.1
Project("{FAE04EC0-301F-11D3-BF4B-00C04F79EFBC}") = "LINQSortiranje", "LINQSortiranje.csproj", "{BABC8E97-0140-4C02-AE06-E6505C560493}"
EndProject
Global
	GlobalSection(SolutionConfigurationPlatforms) = preSolution
		Debug|Any CPU = Debug|Any CPU
		Release|Any CPU = Release|Any CPU
	EndGlobalSection
	GlobalSection(ProjectConfigurationPlatforms) = postSolution
		{BABC8E97-0140-4C02-AE06-E6505C560493}.Debug|Any CPU.ActiveCfg = Debug|Any CPU
		{BABC8E97-0140-4C02-AE06-E6505C560493}.Debug|Any CPU.Build.0 = Debug|Any CPU
		{BABC8E97-0140-4C02-AE06-E6505C560493}.Release|Any CPU.ActiveCfg = Release|Any CPU
		{BABC8E97-0140-4C02-AE06-E6505C560493}.Release|Any CPU.Build.0 = Release|Any CPU
	EndGlobalSection
	GlobalSection(SolutionProperties) = preSolution
		HideSolutionNode = FALSE
	EndGlobalSection
	GlobalSection(ExtensibilityGlobals) = postSolution
		SolutionGuid = {D6BA30C3-16EB-4996-8865-C414F91385B6}
	EndGlobalSection
EndGlobal
